
Microsoft Visual Studio Solution File, Format Version 12.00
# Visual Studio Version 16
VisualStudioVersion = 16.0.32413.511
MinimumVisualStudioVersion = 10.0.40219.1
Project("{FAE04EC0-301F-11D3-BF4B-00C04F79EFBC}") = "ConsoleApp1", "ConsoleApp1.csproj", "{238D63F4-CD63-44E4-9A96-2F7F41B2F7CE}"
EndProject
Global
	GlobalSection(SolutionConfigurationPlatforms) = preSolution
		Debug|Any CPU = Debug|Any CPU
		Release|Any CPU = Release|Any CPU
	EndGlobalSection
	GlobalSection(ProjectConfigurationPlatforms) = postSolution
		{238D63F4-CD63-44E4-9A96-2F7F41B2F7CE}.Debug|Any CPU.ActiveCfg = Debug|Any CPU
		{238D63F4-CD63-44E4-9A96-2F7F41B2F7CE}.Debug|Any CPU.Build.0 = Debug|Any CPU
		{238D63F4-CD63-44E4-9A96-2F7F41B2F7CE}.Release|Any CPU.ActiveCfg = Release|Any CPU
		{238D63F4-CD63-44E4-9A96-2F7F41B2F7CE}.Release|Any CPU.Build.0 = Release|Any CPU
	EndGlobalSection
	GlobalSection(SolutionProperties) = preSolution
		HideSolutionNode = FALSE
	EndGlobalSection
	GlobalSection(ExtensibilityGlobals) = postSolution
		SolutionGuid = {E0A02F46-2662-4493-ADC7-46172AFED259}
	EndGlobalSection
EndGlobal
